using System;

namespace Temperatura_Mensual
{
    class Program
    {    
        static void Main(string[] args)
        {
            byte x;
            Console.Write("1. Quincenal\n2. Mensual\n\nIngrese que tiempo desea Registrar: ");
            x = Convert.ToByte(Console.ReadLine());
            switch (x)
            {
                case 1: x = 15; break;
                case 2: x = 30; break;
            }
            Random nro= new Random();
            int sumaTemp = 25;
            //float tempPromedio=0;
            sbyte tempMayor = 25;
            sbyte tempMenor = 25;
            sbyte[] temp = new sbyte[x];
            temp[0] = 25;
            Console.WriteLine(" Dia | Temperatura\n  01 | {0}°c", temp[0]);
            if (x == 15)
            {
                for (byte c = 1; c < 15; c++)
                {
                    temp[c] = Convert.ToSByte(nro.Next((temp[c - 1] - 5), (temp[c - 1] + 5)));
                    if (c < 9)
                    {
                        Console.WriteLine("  0{1} | {0}°c", temp[c], (c + 1));
                    }
                    else
                    {
                        Console.WriteLine("  {1} | {0}°c", temp[c], (c + 1));
                    }
                    sumaTemp = sumaTemp + temp[c];
                }
                for (byte c = 1; c < 15; c++)
                {
                    if (tempMayor < temp[c])
                    {
                        tempMayor = temp[c];
                        //Console.WriteLine("Mayor Se convierte {0} -> {1}", tempMayor, temp[c]);
                    }
                    if (tempMenor > temp[c])
                    {
                        tempMenor = temp[c];
                        //Console.WriteLine("Menor Se convierte {0} -> {1}", tempMenor, temp[c]);
                    }
                }
            }
            if (x == 30)
            {
                for (byte c = 1; c < 30; c++)
                {
                    temp[c] = Convert.ToSByte(nro.Next((temp[c - 1] - 5), (temp[c - 1] + 5)));
                    if (c < 9)
                    {
                        Console.WriteLine("  0{1} | {0}°c", temp[c], (c + 1));
                    }
                    else
                    {
                        Console.WriteLine("  {1} | {0}°c", temp[c], (c + 1));
                    }
                    sumaTemp = sumaTemp + temp[c];
                }
                for (byte c = 1; c < 30; c++)
                {
                    if (tempMayor < temp[c])
                    {
                        tempMayor = temp[c];
                        //Console.WriteLine("Mayor Se convierte {0} -> {1}", tempMayor, temp[c]);
                    }
                    if (tempMenor > temp[c])
                    {
                        tempMenor = temp[c];
                        //Console.WriteLine("Menor Se convierte {0} -> {1}", tempMenor, temp[c]);
                    }
                }
            }
            //Console.Read();
            //tempPromedio = sumaTemp / 30;
            Console.WriteLine("La temperatura mayor es de: {0}°c \nLa temperatura menor de: {1}°c \nLa temperatura promedio es de: {2}°c", tempMayor, tempMenor, (sumaTemp / x));
            Console.ReadLine(); //Pausa pa que no se pare de forma sospechosa el programa
        }
    }
}
